Microsoft Visual Studio Solution File, Format Version 12.00
# Visual Studio Version 17
VisualStudioVersion = 17.5.2.0
MinimumVisualStudioVersion = 10.0.40219.1
Project("{FAE04EC0-301F-11D3-BF4B-00C04F79EFBC}") = "MyApp.Api", "MyApp.Api.csproj", "{7A155C0A-43DE-FB2E-C370-507AB4811BEF}"
EndProject
Global
	GlobalSection(SolutionConfigurationPlatforms) = preSolution
		Debug|Any CPU = Debug|Any CPU
		Release|Any CPU = Release|Any CPU
	EndGlobalSection
	GlobalSection(ProjectConfigurationPlatforms) = postSolution
		{7A155C0A-43DE-FB2E-C370-507AB4811BEF}.Debug|Any CPU.ActiveCfg = Debug|Any CPU
		{7A155C0A-43DE-FB2E-C370-507AB4811BEF}.Debug|Any CPU.Build.0 = Debug|Any CPU
		{7A155C0A-43DE-FB2E-C370-507AB4811BEF}.Release|Any CPU.ActiveCfg = Release|Any CPU
		{7A155C0A-43DE-FB2E-C370-507AB4811BEF}.Release|Any CPU.Build.0 = Release|Any CPU
	EndGlobalSection
	GlobalSection(SolutionProperties) = preSolution
		HideSolutionNode = FALSE
	EndGlobalSection
	GlobalSection(ExtensibilityGlobals) = postSolution
		SolutionGuid = {B22671A3-F62E-43FD-8D60-7DEC77804097}
	EndGlobalSection
EndGlobal
